// !$*UTF8*$!
{
	archiveVersion = 1;
	classes = {
	};
	objectVersion = 77;
	objects = {

/* Begin PBXBuildFile section */
		BAB78B312E9B6B1C0059A7DE /* FirebaseAuth in Frameworks */ = {isa = PBXBuildFile; productRef = BAB78B302E9B6B1C0059A7DE /* FirebaseAuth */; };
		BAB78B332E9B6B1C0059A7DE /* FirebaseFirestore in Frameworks */ = {isa = PBXBuildFile; productRef = BAB78B322E9B6B1C0059A7DE /* FirebaseFirestore */; };
		BAB78B352E9C23A90059A7DE /* GoogleService-Info.plist in Resources */ = {isa = PBXBuildFile; fileRef = BAB78B342E9C23A90059A7DE /* GoogleService-Info.plist */; };
/* End PBXBuildFile section */

/* Begin PBXContainerItemProxy section */
		BABC71E52E99C23400DC35B9 /* PBXContainerItemProxy */ = {
			isa = PBXContainerItemProxy;
			containerPortal = BABC71CC2E99C23300DC35B9 /* Project object */;
			proxyType = 1;
			remoteGlobalIDString = BABC71D32E99C23300DC35B9;
			remoteInfo = LoftGolfApp;
		};
		BABC71EF2E99C23400DC35B9 /* PBXContainerItemProxy */ = {
			isa = PBXContainerItemProxy;
			containerPortal = BABC71CC2E99C23300DC35B9 /* Project object */;
			proxyType = 1;
			remoteGlobalIDString = BABC71D32E99C23300DC35B9;
			remoteInfo = LoftGolfApp;
		};
/* End PBXContainerItemProxy section */

/* Begin PBXCopyFilesBuildPhase section */
		BAEF7E102E9A734700A2025E /* Embed Frameworks */ = {
			isa = PBXCopyFilesBuildPhase;
			buildActionMask = 2147483647;
			dstPath = "";
			dstSubfolderSpec = 10;
			files = (
			);
			name = "Embed Frameworks";
			runOnlyForDeploymentPostprocessing = 0;
		};
/* End PBXCopyFilesBuildPhase section */

/* Begin PBXFileReference section */
		BAB78B342E9C23A90059A7DE /* GoogleService-Info.plist */ = {isa = PBXFileReference; lastKnownFileType = text.plist.xml; path = "GoogleService-Info.plist"; sourceTree = "<group>"; };
		BABC71D42E99C23300DC35B9 /* LoftGolfApp.app */ = {isa = PBXFileReference; explicitFileType = wrapper.application; includeInIndex = 0; path = LoftGolfApp.app; sourceTree = BUILT_PRODUCTS_DIR; };
		BABC71E42E99C23400DC35B9 /* LoftGolfAppTests.xctest */ = {isa = PBXFileReference; explicitFileType = wrapper.cfbundle; includeInIndex = 0; path = LoftGolfAppTests.xctest; sourceTree = BUILT_PRODUCTS_DIR; };
		BABC71EE2E99C23400DC35B9 /* LoftGolfAppUITests.xctest */ = {isa = PBXFileReference; explicitFileType = wrapper.cfbundle; includeInIndex = 0; path = LoftGolfAppUITests.xctest; sourceTree = BUILT_PRODUCTS_DIR; };
/* End PBXFileReference section */

/* Begin PBXFileSystemSynchronizedRootGroup section */
		BABC71D62E99C23300DC35B9 /* LoftGolfApp */ = {
			isa = PBXFileSystemSynchronizedRootGroup;
			path = LoftGolfApp;
			sourceTree = "<group>";
		};
		BABC71E72E99C23400DC35B9 /* LoftGolfAppTests */ = {
			isa = PBXFileSystemSynchronizedRootGroup;
			path = LoftGolfAppTests;
			sourceTree = "<group>";
		};
		BABC71F12E99C23400DC35B9 /* LoftGolfAppUITests */ = {
			isa = PBXFileSystemSynchronizedRootGroup;
			path = LoftGolfAppUITests;
			sourceTree = "<group>";
		};
/* End PBXFileSystemSynchronizedRootGroup section */

/* Begin PBXFrameworksBuildPhase section */
		BABC71D12E99C23300DC35B9 /* Frameworks */ = {
			isa = PBXFrameworksBuildPhase;
			buildActionMask = 2147483647;
			files = (
				BAB78B312E9B6B1C0059A7DE /* FirebaseAuth in Frameworks */,
				BAB78B332E9B6B1C0059A7DE /* FirebaseFirestore in Frameworks */,
			);
			runOnlyForDeploymentPostprocessing = 0;
		};
		BABC71E12E99C23400DC35B9 /* Frameworks */ = {
			isa = PBXFrameworksBuildPhase;
			buildActionMask = 2147483647;
			files = (
			);
			runOnlyForDeploymentPostprocessing = 0;
		};
		BABC71EB2E99C23400DC35B9 /* Frameworks */ = {
			isa = PBXFrameworksBuildPhase;
			buildActionMask = 2147483647;
			files = (
			);
			runOnlyForDeploymentPostprocessing = 0;
		};
/* End PBXFrameworksBuildPhase section */

/* Begin PBXGroup section */
		BABC71CB2E99C23300DC35B9 = {
			isa = PBXGroup;
			children = (
				BABC71D62E99C23300DC35B9 /* LoftGolfApp */,
				BABC71E72E99C23400DC35B9 /* LoftGolfAppTests */,
				BABC71F12E99C23400DC35B9 /* LoftGolfAppUITests */,
				BAEF7E0C2E9A734700A2025E /* Frameworks */,
				BABC71D52E99C23300DC35B9 /* Products */,
				BAB78B342E9C23A90059A7DE /* GoogleService-Info.plist */,
			);
			sourceTree = "<group>";
		};
		BABC71D52E99C23300DC35B9 /* Products */ = {
			isa = PBXGroup;
			children = (
				BABC71D42E99C23300DC35B9 /* LoftGolfApp.app */,
				BABC71E42E99C23400DC35B9 /* LoftGolfAppTests.xctest */,
				BABC71EE2E99C23400DC35B9 /* LoftGolfAppUITests.xctest */,
			);
			name = Products;
			sourceTree = "<group>";
		};
		BAEF7E0C2E9A734700A2025E /* Frameworks */ = {
			isa = PBXGroup;
			children = (
			);
			name = Frameworks;
			sourceTree = "<group>";
		};
/* End PBXGroup section */

/* Begin PBXNativeTarget section */
		BABC71D32E99C23300DC35B9 /* LoftGolfApp */ = {
			isa = PBXNativeTarget;
			buildConfigurationList = BABC71F82E99C23400DC35B9 /* Build configuration list for PBXNativeTarget "LoftGolfApp" */;
			buildPhases = (
				BABC71D02E99C23300DC35B9 /* Sources */,
				BABC71D12E99C23300DC35B9 /* Frameworks */,
				BABC71D22E99C23300DC35B9 /* Resources */,
				BAEF7E102E9A734700A2025E /* Embed Frameworks */,
			);
			buildRules = (
			);
			dependencies = (
			);
			fileSystemSynchronizedGroups = (
				BABC71D62E99C23300DC35B9 /* LoftGolfApp */,
			);
			name = LoftGolfApp;
			packageProductDependencies = (
				BAB78B302E9B6B1C0059A7DE /* FirebaseAuth */,
				BAB78B322E9B6B1C0059A7DE /* FirebaseFirestore */,
			);
			productName = LoftGolfApp;
			productReference = BABC71D42E99C23300DC35B9 /* LoftGolfApp.app */;
			productType = "com.apple.product-type.application";
		};
		BABC71E32E99C23400DC35B9 /* LoftGolfAppTests */ = {
			isa = PBXNativeTarget;
			buildConfigurationList = BABC71FB2E99C23400DC35B9 /* Build configuration list for PBXNativeTarget "LoftGolfAppTests" */;
			buildPhases = (
				BABC71E02E99C23400DC35B9 /* Sources */,
				BABC71E12E99C23400DC35B9 /* Frameworks */,
				BABC71E22E99C23400DC35B9 /* Resources */,
			);
			buildRules = (
			);
			dependencies = (
				BABC71E62E99C23400DC35B9 /* PBXTargetDependency */,
			);
			fileSystemSynchronizedGroups = (
				BABC71E72E99C23400DC35B9 /* LoftGolfAppTests */,
			);
			name = LoftGolfAppTests;
			packageProductDependencies = (
			);
			productName = LoftGolfAppTests;
			productReference = BABC71E42E99C23400DC35B9 /* LoftGolfAppTests.xctest */;
			productType = "com.apple.product-type.bundle.unit-test";
		};
		BABC71ED2E99C23400DC35B9 /* LoftGolfAppUITests */ = {
			isa = PBXNativeTarget;
			buildConfigurationList = BABC71FE2E99C23400DC35B9 /* Build configuration list for PBXNativeTarget "LoftGolfAppUITests" */;
			buildPhases = (
				BABC71EA2E99C23400DC35B9 /* Sources */,
				BABC71EB2E99C23400DC35B9 /* Frameworks */,
				BABC71EC2E99C23400DC35B9 /* Resources */,
			);
			buildRules = (
			);
			dependencies = (
				BABC71F02E99C23400DC35B9 /* PBXTargetDependency */,
			);
			fileSystemSynchronizedGroups = (
				BABC71F12E99C23400DC35B9 /* LoftGolfAppUITests */,
			);
			name = LoftGolfAppUITests;
			packageProductDependencies = (
			);
			productName = LoftGolfAppUITests;
			productReference = BABC71EE2E99C23400DC35B9 /* LoftGolfAppUITests.xctest */;
			productType = "com.apple.product-type.bundle.ui-testing";
		};
/* End PBXNativeTarget section */

/* Begin PBXProject section */
		BABC71CC2E99C23300DC35B9 /* Project object */ = {
			isa = PBXProject;
			attributes = {
				BuildIndependentTargetsInParallel = 1;
				LastSwiftUpdateCheck = 1620;
				LastUpgradeCheck = 1620;
				TargetAttributes = {
					BABC71D32E99C23300DC35B9 = {
						CreatedOnToolsVersion = 16.2;
					};
					BABC71E32E99C23400DC35B9 = {
						CreatedOnToolsVersion = 16.2;
						TestTargetID = BABC71D32E99C23300DC35B9;
					};
					BABC71ED2E99C23400DC35B9 = {
						CreatedOnToolsVersion = 16.2;
						TestTargetID = BABC71D32E99C23300DC35B9;
					};
				};
			};
			buildConfigurationList = BABC71CF2E99C23300DC35B9 /* Build configuration list for PBXProject "LoftGolfApp" */;
			developmentRegion = en;
			hasScannedForEncodings = 0;
			knownRegions = (
				en,
				Base,
			);
			mainGroup = BABC71CB2E99C23300DC35B9;
			minimizedProjectReferenceProxies = 1;
			packageReferences = (
				BAB78B2F2E9B6B1C0059A7DE /* XCRemoteSwiftPackageReference "firebase-ios-sdk" */,
			);
			preferredProjectObjectVersion = 77;
			productRefGroup = BABC71D52E99C23300DC35B9 /* Products */;
			projectDirPath = "";
			projectRoot = "";
			targets = (
				BABC71D32E99C23300DC35B9 /* LoftGolfApp */,
				BABC71E32E99C23400DC35B9 /* LoftGolfAppTests */,
				BABC71ED2E99C23400DC35B9 /* LoftGolfAppUITests */,
			);
		};
/* End PBXProject section */

/* Begin PBXResourcesBuildPhase section */
		BABC71D22E99C23300DC35B9 /* Resources */ = {
			isa = PBXResourcesBuildPhase;
			buildActionMask = 2147483647;
			files = (
				BAB78B352E9C23A90059A7DE /* GoogleService-Info.plist in Resources */,
			);
			runOnlyForDeploymentPostprocessing = 0;
		};
		BABC71E22E99C23400DC35B9 /* Resources */ = {
			isa = PBXResourcesBuildPhase;
			buildActionMask = 2147483647;
			files = (
			);
			runOnlyForDeploymentPostprocessing = 0;
		};
		BABC71EC2E99C23400DC35B9 /* Resources */ = {
			isa = PBXResourcesBuildPhase;
			buildActionMask = 2147483647;
			files = (
			);
			runOnlyForDeploymentPostprocessing = 0;
		};
/* End PBXResourcesBuildPhase section */

/* Begin PBXSourcesBuildPhase section */
		BABC71D02E99C23300DC35B9 /* Sources */ = {
			isa = PBXSourcesBuildPhase;
			buildActionMask = 2147483647;
			files = (
			);
			runOnlyForDeploymentPostprocessing = 0;
		};
		BABC71E02E99C23400DC35B9 /* Sources */ = {
			isa = PBXSourcesBuildPhase;
			buildActionMask = 2147483647;
			files = (
			);
			runOnlyForDeploymentPostprocessing = 0;
		};
		BABC71EA2E99C23400DC35B9 /* Sources */ = {
			isa = PBXSourcesBuildPhase;
			buildActionMask = 2147483647;
			files = (
			);
			runOnlyForDeploymentPostprocessing = 0;
		};
/* End PBXSourcesBuildPhase section */

/* Begin PBXTargetDependency section */
		BABC71E62E99C23400DC35B9 /* PBXTargetDependency */ = {
			isa = PBXTargetDependency;
			target = BABC71D32E99C23300DC35B9 /* LoftGolfApp */;
			targetProxy = BABC71E52E99C23400DC35B9 /* PBXContainerItemProxy */;
		};
		BABC71F02E99C23400DC35B9 /* PBXTargetDependency */ = {
			isa = PBXTargetDependency;
			target = BABC71D32E99C23300DC35B9 /* LoftGolfApp */;
			targetProxy = BABC71EF2E99C23400DC35B9 /* PBXContainerItemProxy */;
		};
/* End PBXTargetDependency section */

/* Begin XCBuildConfiguration section */
		BABC71F62E99C23400DC35B9 /* Debug */ = {
			isa = XCBuildConfiguration;
			buildSettings = {
				ALWAYS_SEARCH_USER_PATHS = NO;
				ASSETCATALOG_COMPILER_GENERATE_SWIFT_ASSET_SYMBOL_EXTENSIONS = YES;
				CLANG_ANALYZER_NONNULL = YES;
				CLANG_ANALYZER_NUMBER_OBJECT_CONVERSION = YES_AGGRESSIVE;
				CLANG_CXX_LANGUAGE_STANDARD = "gnu++20";
				CLANG_ENABLE_MODULES = YES;
				CLANG_ENABLE_OBJC_ARC = YES;
				CLANG_ENABLE_OBJC_WEAK = YES;
				CLANG_WARN_BLOCK_CAPTURE_AUTORELEASING = YES;
				CLANG_WARN_BOOL_CONVERSION = YES;
				CLANG_WARN_COMMA = YES;
				CLANG_WARN_CONSTANT_CONVERSION = YES;
				CLANG_WARN_DEPRECATED_OBJC_IMPLEMENTATIONS = YES;
				CLANG_WARN_DIRECT_OBJC_ISA_USAGE = YES_ERROR;
				CLANG_WARN_DOCUMENTATION_COMMENTS = YES;
				CLANG_WARN_EMPTY_BODY = YES;
				CLANG_WARN_ENUM_CONVERSION = YES;
				CLANG_WARN_INFINITE_RECURSION = YES;
				CLANG_WARN_INT_CONVERSION = YES;
				CLANG_WARN_NON_LITERAL_NULL_CONVERSION = YES;
				CLANG_WARN_OBJC_IMPLICIT_RETAIN_SELF = YES;
				CLANG_WARN_OBJC_LITERAL_CONVERSION = YES;
				CLANG_WARN_OBJC_ROOT_CLASS = YES_ERROR;
				CLANG_WARN_QUOTED_INCLUDE_IN_FRAMEWORK_HEADER = YES;
				CLANG_WARN_RANGE_LOOP_ANALYSIS = YES;
				CLANG_WARN_STRICT_PROTOTYPES = YES;
				CLANG_WARN_SUSPICIOUS_MOVE = YES;
				CLANG_WARN_UNGUARDED_AVAILABILITY = YES_AGGRESSIVE;
				CLANG_WARN_UNREACHABLE_CODE = YES;
				CLANG_WARN__DUPLICATE_METHOD_MATCH = YES;
				COPY_PHASE_STRIP = NO;
				DEBUG_INFORMATION_FORMAT = dwarf;
				ENABLE_STRICT_OBJC_MSGSEND = YES;
				ENABLE_TESTABILITY = YES;
				ENABLE_USER_SCRIPT_SANDBOXING = YES;
				GCC_C_LANGUAGE_STANDARD = gnu17;
				GCC_DYNAMIC_NO_PIC = NO;
				GCC_NO_COMMON_BLOCKS = YES;
				GCC_OPTIMIZATION_LEVEL = 0;
				GCC_PREPROCESSOR_DEFINITIONS = (
					"DEBUG=1",
					"$(inherited)",
				);
				GCC_WARN_64_TO_32_BIT_CONVERSION = YES;
				GCC_WARN_ABOUT_RETURN_TYPE = YES_ERROR;
				GCC_WARN_UNDECLARED_SELECTOR = YES;
				GCC_WARN_UNINITIALIZED_AUTOS = YES_AGGRESSIVE;
				GCC_WARN_UNUSED_FUNCTION = YES;
				GCC_WARN_UNUSED_VARIABLE = YES;
				IPHONEOS_DEPLOYMENT_TARGET = 18.2;
				LOCALIZATION_PREFERS_STRING_CATALOGS = YES;
				MTL_ENABLE_DEBUG_INFO = INCLUDE_SOURCE;
				MTL_FAST_MATH = YES;
				ONLY_ACTIVE_ARCH = YES;
				SDKROOT = iphoneos;
				SWIFT_ACTIVE_COMPILATION_CONDITIONS = "DEBUG $(inherited)";
				SWIFT_OPTIMIZATION_LEVEL = "-Onone";
			};
			name = Debug;
		};
		BABC71F72E99C23400DC35B9 /* Release */ = {
			isa = XCBuildConfiguration;
			buildSettings = {
				ALWAYS_SEARCH_USER_PATHS = NO;
				ASSETCATALOG_COMPILER_GENERATE_SWIFT_ASSET_SYMBOL_EXTENSIONS = YES;
				CLANG_ANALYZER_NONNULL = YES;
				CLANG_ANALYZER_NUMBER_OBJECT_CONVERSION = YES_AGGRESSIVE;
				CLANG_CXX_LANGUAGE_STANDARD = "gnu++20";
				CLANG_ENABLE_MODULES = YES;
				CLANG_ENABLE_OBJC_ARC = YES;
				CLANG_ENABLE_OBJC_WEAK = YES;
				CLANG_WARN_BLOCK_CAPTURE_AUTORELEASING = YES;
				CLANG_WARN_BOOL_CONVERSION = YES;
				CLANG_WARN_COMMA = YES;
				CLANG_WARN_CONSTANT_CONVERSION = YES;
				CLANG_WARN_DEPRECATED_OBJC_IMPLEMENTATIONS = YES;
				CLANG_WARN_DIRECT_OBJC_ISA_USAGE = YES_ERROR;
				CLANG_WARN_DOCUMENTATION_COMMENTS = YES;
				CLANG_WARN_EMPTY_BODY = YES;
				CLANG_WARN_ENUM_CONVERSION = YES;
				CLANG_WARN_INFINITE_RECURSION = YES;
				CLANG_WARN_INT_CONVERSION = YES;
				CLANG_WARN_NON_LITERAL_NULL_CONVERSION = YES;
				CLANG_WARN_OBJC_IMPLICIT_RETAIN_SELF = YES;
				CLANG_WARN_OBJC_LITERAL_CONVERSION = YES;
				CLANG_WARN_OBJC_ROOT_CLASS = YES_ERROR;
				CLANG_WARN_QUOTED_INCLUDE_IN_FRAMEWORK_HEADER = YES;
				CLANG_WARN_RANGE_LOOP_ANALYSIS = YES;
				CLANG_WARN_STRICT_PROTOTYPES = YES;
				CLANG_WARN_SUSPICIOUS_MOVE = YES;
				CLANG_WARN_UNGUARDED_AVAILABILITY = YES_AGGRESSIVE;
				CLANG_WARN_UNREACHABLE_CODE = YES;
				CLANG_WARN__DUPLICATE_METHOD_MATCH = YES;
				COPY_PHASE_STRIP = NO;
				DEBUG_INFORMATION_FORMAT = "dwarf-with-dsym";
				ENABLE_NS_ASSERTIONS = NO;
				ENABLE_STRICT_OBJC_MSGSEND = YES;
				ENABLE_USER_SCRIPT_SANDBOXING = YES;
				GCC_C_LANGUAGE_STANDARD = gnu17;
				GCC_NO_COMMON_BLOCKS = YES;
				GCC_WARN_64_TO_32_BIT_CONVERSION = YES;
				GCC_WARN_ABOUT_RETURN_TYPE = YES_ERROR;
				GCC_WARN_UNDECLARED_SELECTOR = YES;
				GCC_WARN_UNINITIALIZED_AUTOS = YES_AGGRESSIVE;
				GCC_WARN_UNUSED_FUNCTION = YES;
				GCC_WARN_UNUSED_VARIABLE = YES;
				IPHONEOS_DEPLOYMENT_TARGET = 18.2;
				LOCALIZATION_PREFERS_STRING_CATALOGS = YES;
				MTL_ENABLE_DEBUG_INFO = NO;
				MTL_FAST_MATH = YES;
				SDKROOT = iphoneos;
				SWIFT_COMPILATION_MODE = wholemodule;
				VALIDATE_PRODUCT = YES;
			};
			name = Release;
		};
		BABC71F92E99C23400DC35B9 /* Debug */ = {
			isa = XCBuildConfiguration;
			buildSettings = {
				ASSETCATALOG_COMPILER_APPICON_NAME = AppIcon;
				ASSETCATALOG_COMPILER_GLOBAL_ACCENT_COLOR_NAME = AccentColor;
				CODE_SIGN_STYLE = Automatic;
				CURRENT_PROJECT_VERSION = 1;
				DEVELOPMENT_ASSET_PATHS = "\"LoftGolfApp/Preview Content\"";
				ENABLE_PREVIEWS = YES;
				GENERATE_INFOPLIST_FILE = YES;
				INFOPLIST_KEY_UIApplicationSceneManifest_Generation = YES;
				INFOPLIST_KEY_UIApplicationSupportsIndirectInputEvents = YES;
				INFOPLIST_KEY_UILaunchScreen_Generation = YES;
				INFOPLIST_KEY_UISupportedInterfaceOrientations_iPad = "UIInterfaceOrientationPortrait UIInterfaceOrientationPortraitUpsideDown UIInterfaceOrientationLandscapeLeft UIInterfaceOrientationLandscapeRight";
				INFOPLIST_KEY_UISupportedInterfaceOrientations_iPhone = "UIInterfaceOrientationPortrait UIInterfaceOrientationLandscapeLeft UIInterfaceOrientationLandscapeRight";
				LD_RUNPATH_SEARCH_PATHS = (
					"$(inherited)",
					"@executable_path/Frameworks",
				);
				MARKETING_VERSION = 1.0;
				PRODUCT_BUNDLE_IDENTIFIER = LoftGolf.LoftGolfApp;
				PRODUCT_NAME = "$(TARGET_NAME)";
				SWIFT_EMIT_LOC_STRINGS = YES;
				SWIFT_VERSION = 5.0;
				TARGETED_DEVICE_FAMILY = "1,2";
			};
			name = Debug;
		};
		BABC71FA2E99C23400DC35B9 /* Release */ = {
			isa = XCBuildConfiguration;
			buildSettings = {
				ASSETCATALOG_COMPILER_APPICON_NAME = AppIcon;
				ASSETCATALOG_COMPILER_GLOBAL_ACCENT_COLOR_NAME = AccentColor;
				CODE_SIGN_STYLE = Automatic;
				CURRENT_PROJECT_VERSION = 1;
				DEVELOPMENT_ASSET_PATHS = "\"LoftGolfApp/Preview Content\"";
				ENABLE_PREVIEWS = YES;
				GENERATE_INFOPLIST_FILE = YES;
				INFOPLIST_KEY_UIApplicationSceneManifest_Generation = YES;
				INFOPLIST_KEY_UIApplicationSupportsIndirectInputEvents = YES;
				INFOPLIST_KEY_UILaunchScreen_Generation = YES;
				INFOPLIST_KEY_UISupportedInterfaceOrientations_iPad = "UIInterfaceOrientationPortrait UIInterfaceOrientationPortraitUpsideDown UIInterfaceOrientationLandscapeLeft UIInterfaceOrientationLandscapeRight";
				INFOPLIST_KEY_UISupportedInterfaceOrientations_iPhone = "UIInterfaceOrientationPortrait UIInterfaceOrientationLandscapeLeft UIInterfaceOrientationLandscapeRight";
				LD_RUNPATH_SEARCH_PATHS = (
					"$(inherited)",
					"@executable_path/Frameworks",
				);
				MARKETING_VERSION = 1.0;
				PRODUCT_BUNDLE_IDENTIFIER = LoftGolf.LoftGolfApp;
				PRODUCT_NAME = "$(TARGET_NAME)";
				SWIFT_EMIT_LOC_STRINGS = YES;
				SWIFT_VERSION = 5.0;
				TARGETED_DEVICE_FAMILY = "1,2";
			};
			name = Release;
		};
		BABC71FC2E99C23400DC35B9 /* Debug */ = {
			isa = XCBuildConfiguration;
			buildSettings = {
				BUNDLE_LOADER = "$(TEST_HOST)";
				CODE_SIGN_STYLE = Automatic;
				CURRENT_PROJECT_VERSION = 1;
				GENERATE_INFOPLIST_FILE = YES;
				IPHONEOS_DEPLOYMENT_TARGET = 18.2;
				MARKETING_VERSION = 1.0;
				PRODUCT_BUNDLE_IDENTIFIER = "Nam-Le.LoftGolfAppTests";
				PRODUCT_NAME = "$(TARGET_NAME)";
				SWIFT_EMIT_LOC_STRINGS = NO;
				SWIFT_VERSION = 5.0;
				TARGETED_DEVICE_FAMILY = "1,2";
				TEST_HOST = "$(BUILT_PRODUCTS_DIR)/LoftGolfApp.app/$(BUNDLE_EXECUTABLE_FOLDER_PATH)/LoftGolfApp";
			};
			name = Debug;
		};
		BABC71FD2E99C23400DC35B9 /* Release */ = {
			isa = XCBuildConfiguration;
			buildSettings = {
				BUNDLE_LOADER = "$(TEST_HOST)";
				CODE_SIGN_STYLE = Automatic;
				CURRENT_PROJECT_VERSION = 1;
				GENERATE_INFOPLIST_FILE = YES;
				IPHONEOS_DEPLOYMENT_TARGET = 18.2;
				MARKETING_VERSION = 1.0;
				PRODUCT_BUNDLE_IDENTIFIER = "Nam-Le.LoftGolfAppTests";
				PRODUCT_NAME = "$(TARGET_NAME)";
				SWIFT_EMIT_LOC_STRINGS = NO;
				SWIFT_VERSION = 5.0;
				TARGETED_DEVICE_FAMILY = "1,2";
				TEST_HOST = "$(BUILT_PRODUCTS_DIR)/LoftGolfApp.app/$(BUNDLE_EXECUTABLE_FOLDER_PATH)/LoftGolfApp";
			};
			name = Release;
		};
		BABC71FF2E99C23400DC35B9 /* Debug */ = {
			isa = XCBuildConfiguration;
			buildSettings = {
				CODE_SIGN_STYLE = Automatic;
				CURRENT_PROJECT_VERSION = 1;
				GENERATE_INFOPLIST_FILE = YES;
				MARKETING_VERSION = 1.0;
				PRODUCT_BUNDLE_IDENTIFIER = "Nam-Le.LoftGolfAppUITests";
				PRODUCT_NAME = "$(TARGET_NAME)";
				SWIFT_EMIT_LOC_STRINGS = NO;
				SWIFT_VERSION = 5.0;
				TARGETED_DEVICE_FAMILY = "1,2";
				TEST_TARGET_NAME = LoftGolfApp;
			};
			name = Debug;
		};
		BABC72002E99C23400DC35B9 /* Release */ = {
			isa = XCBuildConfiguration;
			buildSettings = {
				CODE_SIGN_STYLE = Automatic;
				CURRENT_PROJECT_VERSION = 1;
				GENERATE_INFOPLIST_FILE = YES;
				MARKETING_VERSION = 1.0;
				PRODUCT_BUNDLE_IDENTIFIER = "Nam-Le.LoftGolfAppUITests";
				PRODUCT_NAME = "$(TARGET_NAME)";
				SWIFT_EMIT_LOC_STRINGS = NO;
				SWIFT_VERSION = 5.0;
				TARGETED_DEVICE_FAMILY = "1,2";
				TEST_TARGET_NAME = LoftGolfApp;
			};
			name = Release;
		};
/* End XCBuildConfiguration section */

/* Begin XCConfigurationList section */
		BABC71CF2E99C23300DC35B9 /* Build configuration list for PBXProject "LoftGolfApp" */ = {
			isa = XCConfigurationList;
			buildConfigurations = (
				BABC71F62E99C23400DC35B9 /* Debug */,
				BABC71F72E99C23400DC35B9 /* Release */,
			);
			defaultConfigurationIsVisible = 0;
			defaultConfigurationName = Release;
		};
		BABC71F82E99C23400DC35B9 /* Build configuration list for PBXNativeTarget "LoftGolfApp" */ = {
			isa = XCConfigurationList;
			buildConfigurations = (
				BABC71F92E99C23400DC35B9 /* Debug */,
				BABC71FA2E99C23400DC35B9 /* Release */,
			);
			defaultConfigurationIsVisible = 0;
			defaultConfigurationName = Release;
		};
		BABC71FB2E99C23400DC35B9 /* Build configuration list for PBXNativeTarget "LoftGolfAppTests" */ = {
			isa = XCConfigurationList;
			buildConfigurations = (
				BABC71FC2E99C23400DC35B9 /* Debug */,
				BABC71FD2E99C23400DC35B9 /* Release */,
			);
			defaultConfigurationIsVisible = 0;
			defaultConfigurationName = Release;
		};
		BABC71FE2E99C23400DC35B9 /* Build configuration list for PBXNativeTarget "LoftGolfAppUITests" */ = {
			isa = XCConfigurationList;
			buildConfigurations = (
				BABC71FF2E99C23400DC35B9 /* Debug */,
				BABC72002E99C23400DC35B9 /* Release */,
			);
			defaultConfigurationIsVisible = 0;
			defaultConfigurationName = Release;
		};
/* End XCConfigurationList section */

/* Begin XCRemoteSwiftPackageReference section */
		BAB78B2F2E9B6B1C0059A7DE /* XCRemoteSwiftPackageReference "firebase-ios-sdk" */ = {
			isa = XCRemoteSwiftPackageReference;
			repositoryURL = "https://github.com/firebase/firebase-ios-sdk";
			requirement = {
				kind = upToNextMajorVersion;
				minimumVersion = 12.4.0;
			};
		};
/* End XCRemoteSwiftPackageReference section */

/* Begin XCSwiftPackageProductDependency section */
		BAB78B302E9B6B1C0059A7DE /* FirebaseAuth */ = {
			isa = XCSwiftPackageProductDependency;
			package = BAB78B2F2E9B6B1C0059A7DE /* XCRemoteSwiftPackageReference "firebase-ios-sdk" */;
			productName = FirebaseAuth;
		};
		BAB78B322E9B6B1C0059A7DE /* FirebaseFirestore */ = {
			isa = XCSwiftPackageProductDependency;
			package = BAB78B2F2E9B6B1C0059A7DE /* XCRemoteSwiftPackageReference "firebase-ios-sdk" */;
			productName = FirebaseFirestore;
		};
/* End XCSwiftPackageProductDependency section */
	};
	rootObject = BABC71CC2E99C23300DC35B9 /* Project object */;
}
